github.com/PelionIoT/httprouter v0.0.0-20170104185816-8a45e95fc75c h1:X0FRCIZh6v5y0peyUHJe6NladEWtyJ1OV4L5BjjfAP0=
github.com/PelionIoT/httprouter v0.0.0-20170104185816-8a45e95fc75c/go.mod h1:Ndp0n7Ih7kiH5fCmU9kobtB+EznNZn7ce5K2Tq8ox6A=
github.com/PelionIoT/maestro-plugins-template v0.0.0-20190409060302-5b22b1f86b05 h1:BN0T3iY905PA3vaPesXSd0u0Or/lt6AiUtTzPLg1WNA=
github.com/PelionIoT/maestro-plugins-template v0.0.0-20190409060302-5b22b1f86b05/go.mod h1:rbhg3aHeQtmUTQ1/3wFalqN4hHFjul1LR9pzwF0z4R8=
github.com/PelionIoT/maestroSpecs v2.4.0+incompatible h1:Bte1MaQBX+H9FLIPGWK+2c46jebPW+EXZwzozmCJWcQ=
github.com/PelionIoT/maestroSpecs v2.4.0+incompatible/go.mod h1:ati1wu29/4NhWanQR0qcf2KF8VlBGD5zdzdnPcJqg2Y=
github.com/PelionIoT/mustache v0.0.0-20160804235033-6375acf62c69 h1:wuueFmElsst69IQZVjrs+14WX6ZSpnf9jcCiRADLE10=
github.com/PelionIoT/mustache v0.0.0-20160804235033-6375acf62c69/go.mod h1:jjofIPqinqwudReGyNYG5q8qXABJNNdxc/R5Mndu+0Y=
github.com/PelionIoT/netlink v0.0.0-20190409055558-1cddec0bf368 h1:ldmM4CF7jeycRzB+7cVbfJ9B95B3ninMlIJnpO9p//c=
github.com/PelionIoT/netlink v0.0.0-20190409055558-1cddec0bf368/go.mod h1:j0Z86Pc+uu1CaMHXZM3Wbr9Ceu9a5HSa9YR5OddIXpY=
github.com/PelionIoT/stow v2.2.1-0.20170902223607-b0e83fd073d4+incompatible h1:xzXmImBFSblipNYuCvAi3Mo3wvS0+jL6/D7RGcvpEWA=
github.com/PelionIoT/stow v2.2.1-0.20170902223607-b0e83fd073d4+incompatible/go.mod h1:nhJnSbUD7CpZ6uejTuQWCnjeiCVVD6yJ0z1mOzv7qkw=
github.com/PelionIoT/structmutate v0.0.0-20190409035007-57b37c3ac1d9 h1:P9lTNPCBto5FGmhAw+XIeicNEUI43eIjEK6irpt/b9o=
github.com/PelionIoT/structmutate v0.0.0-20190409035007-57b37c3ac1d9/go.mod h1:1r6dseDTzlceKrzsDwkUoiiPZ2UhicxA9eJKtJBvEcE=
github.com/PelionIoT/zeroconf v0.0.0-20180517163623-78d055b6305c h1:kzgLuDuqnrsWuDQYM2b51KorZKuPLM0D9Hd4LZhDVNQ=
github.com/PelionIoT/zeroconf v0.0.0-20180517163623-78d055b6305c/go.mod h1:SpoEzcoTN3OgIaQTAXEbdWVS8JUD3uPruCUmfsZ4l4k=
github.com/StackExchange/wmi v0.0.0-20210224194228-fe8f1750fd46 h1:5sXbqlSomvdjlRbWyNqkPsJ3Fg+tQZCbgeX1VGljbQY=
github.com/StackExchange/wmi v0.0.0-20210224194228-fe8f1750fd46/go.mod h1:3eOhrUMpNV+6aFIbp5/iudMxNCF27Vw2OZgy4xEx0Fg=
github.com/ThomasRooney/gexpect v0.0.0-20161231170123-5482f0350944 h1:CjexZrggt4RldpEUXFZf52vSO3cnmFaqW6B4wADj05Q=
github.com/ThomasRooney/gexpect v0.0.0-20161231170123-5482f0350944/go.mod h1:sPML5WwI6oxLRLPuuqbtoOKhtmpVDCYtwsps+I+vjIY=
github.com/armPelionEdge/dhcp4 v0.0.0-20180917122751-7f54fcf15bd7 h1:09y3g5c4Jg3oexWr8JVqW3t2INoA+ci4nJO6l2l2Xqk=
github.com/armPelionEdge/dhcp4 v0.0.0-20180917122751-7f54fcf15bd7/go.mod h1:WWl5qo2LRet8j50aMuiJ+uzVe78MoBSYLIR8Zn5f11g=
github.com/armPelionEdge/dhcp4client v0.0.0-20190409055833-be924652a34a h1:dLOJlbflOJ0LtCh2DdoD81MvfbZ5OrbtRpXeRsZNmcI=
github.com/armPelionEdge/dhcp4client v0.0.0-20190409055833-be924652a34a/go.mod h1:Mm5TR82X6/6JY85t7dUKapoND4A83OllgyDiO+Ya0uo=
github.com/armPelionEdge/netlink v0.0.0-20190409055558-1cddec0bf368 h1:gvbq/PGSwT+o7Q/jdV7eQ6nEnxxLZ/msTD6UhchWVmw=
github.com/armPelionEdge/netlink v0.0.0-20190409055558-1cddec0bf368/go.mod h1:bfVzSOo4BrQ6qVVkt5PBv/wpHMSMssobZmV2scBgnyg=
github.com/armPelionEdge/wpa-connect v0.0.0-20200827001433-10297d26dfc8 h1:1kNTAnCBBYSk6xkovXAJu+6EQgPF2FtFvswzvBPhs28=
github.com/armPelionEdge/wpa-connect v0.0.0-20200827001433-10297d26dfc8/go.mod h1:GegPsQ8WG2R5PVC3YDsGGkZRA0zHiHW6EKEyWrDUq9c=
github.com/boltdb/bolt v1.3.2-0.20180302180052-fd01fc79c553 h1:JsFGvzmvh7HGD2Q56FkCtowlJyTJcesskDcqWMG0Zho=
github.com/boltdb/bolt v1.3.2-0.20180302180052-fd01fc79c553/go.mod h1:clJnj/oiGkjum5o1McbSZDSLxVThjynRyGBgiAx27Ps=
github.com/cavaliercoder/grab v2.0.0+incompatible h1:wZHbBQx56+Yxjx2TCGDcenhh3cJn7cCLMfkEPmySTSE=
github.com/cavaliercoder/grab v2.0.0+incompatible/go.mod h1:tTBkfNqSBfuMmMBFaO2phgyhdYhiZQ/+iXCZDzcDsMI=
github.com/cenkalti/backoff v2.1.0+incompatible h1:FIRvWBZrzS4YC7NT5cOuZjexzFvIr+Dbi6aD1cZaNBk=
github.com/cenkalti/backoff v2.1.0+incompatible/go.mod h1:90ReRw6GdpyfrHakVjL/QHaoyV4aDUVVkXQJJJ3NXXM=
github.com/d2g/dhcp4 v0.0.0-20170904100407-a1d1b6c41b1c h1:Xo2rK1pzOm0jO6abTPIQwbAmqBIOj132otexc1mmzFc=
github.com/d2g/dhcp4 v0.0.0-20170904100407-a1d1b6c41b1c/go.mod h1:Ct2BUK8SB0YC1SMSibvLzxjeJLnrYEVLULFNiHY9YfQ=
github.com/d2g/dhcp4client v1.0.0 h1:suYBsYZIkSlUMEz4TAYCczKf62IA2UWC+O8+KtdOhCo=
github.com/d2g/dhcp4client v1.0.0/go.mod h1:j0hNfjhrt2SxUOw55nL0ATM/z4Yt3t2Kd1mW34z5W5s=
github.com/davecgh/go-spew v1.1.0/go.mod h1:J7Y8YcW2NihsgmVo/mv3lAwl/skON4iLHjSsI+c5H38=
github.com/davecgh/go-spew v1.1.1 h1:vj9j/u1bqnvCEfJOwUhtlOARqs3+rkHYY13jYWTU97c=
github.com/davecgh/go-spew v1.1.1/go.mod h1:J7Y8YcW2NihsgmVo/mv3lAwl/skON4iLHjSsI+c5H38=
github.com/deckarep/golang-set v1.7.2-0.20180927150649-699df6a3acf6 h1:ElpwMUqQ8jx4CXWp6QC7drxQ3E3mwBqHWWC/AVe6NKY=
github.com/deckarep/golang-set v1.7.2-0.20180927150649-699df6a3acf6/go.mod h1:93vsz/8Wt4joVM7c2AVqh+YRMiUSc14yDtF28KmMOgQ=
github.com/dsnet/compress v0.0.0-20171208185109-cc9eb1d7ad76 h1:eX+pdPPlD279OWgdx7f6KqIRSONuK7egk+jDx7OM3Ac=
github.com/dsnet/compress v0.0.0-20171208185109-cc9eb1d7ad76/go.mod h1:KjxHHirfLaw19iGT70HvVjHQsL1vq1SRQB4yOsAfy2s=
github.com/go-ole/go-ole v1.2.5 h1:t4MGB5xEDZvXI+0rMjjsfBsD7yAgp/s9ZDkL1JndXwY=
github.com/go-ole/go-ole v1.2.5/go.mod h1:pprOEPIfldk/42T2oK7lQ4v4JSDwmV0As9GaiUsvbm0=
github.com/godbus/dbus v4.1.0+incompatible h1:WqqLRTsQic3apZUK9qC5sGNfXthmPXzUZ7nQPrNITa4=
github.com/godbus/dbus v4.1.0+incompatible/go.mod h1:/YcGZj5zSblfDWMMoOzV4fas9FZnQYTkDnsGvmh2Grw=
github.com/golang/snappy v0.0.0-20180518054509-2e65f85255db h1:woRePGFeVFfLKN/pOkfl+p/TAqKOfFu+7KPlMVpok/w=
github.com/golang/snappy v0.0.0-20180518054509-2e65f85255db/go.mod h1:/XxbfmMg8lxefKM7IXC3fBNl/7bRcc72aCRzEWrmP2Q=
github.com/gorilla/websocket v1.4.1-0.20181206070239-95ba29eb981b h1:iJ/E8JhWXX4SFiO262uaUow6La0iNf/50wQ1fdPNEDQ=
github.com/gorilla/websocket v1.4.1-0.20181206070239-95ba29eb981b/go.mod h1:E7qHFY5m1UJ88s3WnNqhKjPHQ0heANvMoAMk2YaljkQ=
github.com/kardianos/osext v0.0.0-20170510131534-ae77be60afb1 h1:PJPDf8OUfOK1bb/NeTKd4f1QXZItOX389VN3B6qC8ro=
github.com/kardianos/osext v0.0.0-20170510131534-ae77be60afb1/go.mod h1:1NbS8ALrpOvjt0rHPNLyCIeMtbizbir8U//inJ+zuB8=
github.com/kballard/go-shellquote v0.0.0-20180428030007-95032a82bc51 h1:Z9n2FFNUXsshfwJMBgNA0RU6/i7WVaAegv3PtuIHPMs=
github.com/kballard/go-shellquote v0.0.0-20180428030007-95032a82bc51/go.mod h1:CzGEWj7cYgsdH8dAjBGEr58BoE7ScuLd+fwFZ44+/x8=
github.com/kr/pretty v0.1.0 h1:L/CwN0zerZDmRFUapSPitk6f+Q3+0za1rQkzVuMiMFI=
github.com/kr/pretty v0.1.0/go.mod h1:dAy3ld7l9f0ibDNOQOHHMYYIIbhfbHSm3C4ZsoJORNo=
github.com/kr/pty v1.1.1 h1:VkoXIwSboBpnk99O/KFauAEILuNHv5DVFKZMBN/gUgw=
github.com/kr/pty v1.1.1/go.mod h1:pFQYn66WHrOpPYNljwOMqo10TkYh1fy3cYio2l3bCsQ=
github.com/kr/text v0.1.0 h1:45sCR5RtlFHMR4UwH9sdQ5TC8v0qDQCHnXt+kaKSTVE=
github.com/kr/text v0.1.0/go.mod h1:4Jbv+DJW3UT/LiOwJeYQe1efqtUx/iVham/4vfdArNI=
github.com/mholt/archiver v3.1.2-0.20181212200041-4e41ad6272dc+incompatible h1:r4qMW7tmAYFuWSovxTkzZ1RbhpEDH389soe52z4wHD0=
github.com/mholt/archiver v3.1.2-0.20181212200041-4e41ad6272dc+incompatible/go.mod h1:Dh2dOXnSdiLxRiPoVfIr/fI1TwETms9B8CTWfeh7ROU=
github.com/miekg/dns v1.1.2-0.20181219162826-5f5f2380fc10 h1:2mbmNsS3mXc0OOlJ3p8oPCPbZvI/e8JxJxt81LLVneI=
github.com/miekg/dns v1.1.2-0.20181219162826-5f5f2380fc10/go.mod h1:W1PPwlIAgtquWBMBEV9nkV9Cazfe8ScdGz/Lj7v3Nrg=
github.com/nwaples/rardecode v1.0.1-0.20181025094117-197ef08ef68c h1:u2KzixJYvuGIaQ5mO+tFxJtaDmyCvdwprLFHrSvxi4k=
github.com/nwaples/rardecode v1.0.1-0.20181025094117-197ef08ef68c/go.mod h1:5DzqNKiOdpKKBH87u8VlvAnPZMXcGRhxWkRpHbbfGS0=
github.com/op/go-logging v0.0.0-20160315200505-970db520ece7 h1:lDH9UUVJtmYCjyT0CI4q8xvlXPxeZ0gYCVvWbmPlp88=
github.com/op/go-logging v0.0.0-20160315200505-970db520ece7/go.mod h1:HzydrMdWErDVzsI23lYNej1Htcns9BCg93Dk0bBINWk=
github.com/pierrec/lz4 v1.0.2-0.20181027085611-623b5a2f4d2a h1:mU5r56L/1WV3HGgxa9bUeAuNm0n7iiaP57lKlvj23x0=
github.com/pierrec/lz4 v1.0.2-0.20181027085611-623b5a2f4d2a/go.mod h1:3/3N9NVKO0jef7pBehbT1qWhCMrIgbYNnFAZCqQ5LRc=
github.com/pkg/profile v1.2.1/go.mod h1:hJw3o1OdXxsrSjjVksARp5W95eeEaEfptyVZyv6JUPA=
github.com/pmezard/go-difflib v1.0.0 h1:4DBwDE0NGyQoBHbLQYPwSUPoCMWR5BEzIk/f1lZbAQM=
github.com/pmezard/go-difflib v1.0.0/go.mod h1:iKH77koFhYxTK1pcRnkKkqfTogsbg7gZNVY4sRDYZ/4=
github.com/satori/go.uuid v1.2.1-0.20181028125025-b2ce2384e17b h1:gQZ0qzfKHQIybLANtM3mBXNUtOfsCFXeTsnBqCsx1KM=
github.com/satori/go.uuid v1.2.1-0.20181028125025-b2ce2384e17b/go.mod h1:dA0hQrYB0VpLJoorglMZABFdXlWrHn1NEOzdhQKdks0=
github.com/shirou/gopsutil v3.21.6+incompatible h1:mmZtAlWSd8U2HeRTjswbnDLPxqsEoK01NK+GZ1P+nEM=
github.com/shirou/gopsutil v3.21.6+incompatible/go.mod h1:5b4v6he4MtMOwMlS0TUMTu2PcXUg8+E1lC7eC3UO/RA=
github.com/stretchr/objx v0.1.0/go.mod h1:HFkY916IF+rwdDfMAkV7OtwuqBVzrE8GR6GFx+wExME=
github.com/stretchr/testify v1.7.0 h1:nwc3DEeHmmLAfoZucVR881uASk0Mfjw8xYJ99tb5CcY=
github.com/stretchr/testify v1.7.0/go.mod h1:6Fq8oRcR53rry900zMqJjRRixrwX3KX962/h/Wwjteg=
github.com/ulikunitz/xz v0.5.5 h1:pFrO0lVpTBXLpYw+pnLj6TbvHuyjXMfjGeCwSqCVwok=
github.com/ulikunitz/xz v0.5.5/go.mod h1:2bypXElzHzzJZwzH67Y6wb67pO62Rzfn7BSiF4ABRW8=
github.com/vishvananda/netns v0.0.0-20180720170159-13995c7128cc h1:R83G5ikgLMxrBvLh22JhdfI8K6YXEPHx5P03Uu3DRs4=
github.com/vishvananda/netns v0.0.0-20180720170159-13995c7128cc/go.mod h1:ZjcWmFBXmLKZu9Nxj3WKYEafiSqer2rnvPr0en9UNpI=
github.com/xi2/xz v0.0.0-20171230120015-48954b6210f8 h1:nIPpBwaJSVYIxUFsDv3M8ofmx9yWTog9BfvIu0q41lo=
github.com/xi2/xz v0.0.0-20171230120015-48954b6210f8/go.mod h1:HUYIGzjTL3rfEspMxjDjgmT5uz5wzYJKVo23qUhYTos=
golang.org/x/crypto v0.0.0-20190308221718-c2843e01d9a2/go.mod h1:djNgcEr1/C05ACkg1iLfiJU5Ep61QUkGW8qpdssI0+w=
golang.org/x/crypto v0.0.0-20200622213623-75b288015ac9 h1:psW17arqaxU48Z5kZ0CQnkZWQJsqcURM6tKiBApRjXI=
golang.org/x/crypto v0.0.0-20200622213623-75b288015ac9/go.mod h1:LzIPMQfyMNhhGPhUkYOs5KpL4U8rLKemX1yGLhDgUto=
golang.org/x/net v0.0.0-20190404232315-eb5bcb51f2a3/go.mod h1:t9HGtf8HONx5eT2rtn7q6eTqICYqUVnKs3thJo3Qplg=
golang.org/x/net v0.0.0-20210428140749-89ef3d95e781 h1:DzZ89McO9/gWPsQXS/FVKAlG02ZjaQ6AlZRBimEYOd0=
golang.org/x/net v0.0.0-20210428140749-89ef3d95e781/go.mod h1:OJAsFXCWl8Ukc7SiCT/9KSuxbyM7479/AVlXFRxuMCk=
golang.org/x/sync v0.0.0-20210220032951-036812b2e83c h1:5KslGYwFpkhGh+Q16bwMP3cOontH8FOep7tGV86Y7SQ=
golang.org/x/sync v0.0.0-20210220032951-036812b2e83c/go.mod h1:RxMgew5VJxzue5/jJTE5uejpjVlOe/izrB70Jof72aM=
golang.org/x/sys v0.0.0-20190215142949-d0b11bdaac8a/go.mod h1:STP8DvDyc/dI5b8T5hshtkjS+E42TnysNCUPdjciGhY=
golang.org/x/sys v0.0.0-20190412213103-97732733099d/go.mod h1:h1NjWce9XRLGQEsW7wpKNCjG9DtNlClVuFLEZdDNbEs=
golang.org/x/sys v0.0.0-20190916202348-b4ddaad3f8a3/go.mod h1:h1NjWce9XRLGQEsW7wpKNCjG9DtNlClVuFLEZdDNbEs=
golang.org/x/sys v0.0.0-20201119102817-f84b799fce68/go.mod h1:h1NjWce9XRLGQEsW7wpKNCjG9DtNlClVuFLEZdDNbEs=
golang.org/x/sys v0.0.0-20210423082822-04245dca01da/go.mod h1:h1NjWce9XRLGQEsW7wpKNCjG9DtNlClVuFLEZdDNbEs=
golang.org/x/sys v0.0.0-20210603081109-ebe580a85c40 h1:JWgyZ1qgdTaF3N3oxC+MdTV7qvEEgHo3otj+HB5CM7Q=
golang.org/x/sys v0.0.0-20210603081109-ebe580a85c40/go.mod h1:oPkhp1MJrh7nUepCBck5+mAzfO9JrbApNNgaTdGDITg=
golang.org/x/term v0.0.0-20201126162022-7de9c90e9dd1/go.mod h1:bj7SfCRtBDWHUb9snDiAeCFNEtKQo2Wmx5Cou7ajbmo=
golang.org/x/text v0.3.0/go.mod h1:NqM8EUOU14njkJ3fqMW+pc6Ldnwhi/IjpwHt7yyuwOQ=
golang.org/x/text v0.3.6 h1:aRYxNxv6iGQlyVaZmk6ZgYEDa+Jg18DxebPSrd6bg1M=
golang.org/x/text v0.3.6/go.mod h1:5Zoc/QRtKVWzQhOtBMvqHzDpF6irO9z98xDceosuGiQ=
golang.org/x/tools v0.0.0-20180917221912-90fa682c2a6e/go.mod h1:n7NCudcB/nEzxVGmLbDWY5pfWTLqBcC2KZ6jyYvM4mQ=
gopkg.in/check.v1 v0.0.0-20161208181325-20d25e280405/go.mod h1:Co6ibVJAznAaIkqp8huTwlJQCZ016jof/cbN4VW5Yz0=
gopkg.in/check.v1 v1.0.0-20190902080502-41f04d3bba15 h1:YR8cESwS4TdDjEe65xsg0ogRM/Nc3DYOhEAlW+xobZo=
gopkg.in/check.v1 v1.0.0-20190902080502-41f04d3bba15/go.mod h1:Co6ibVJAznAaIkqp8huTwlJQCZ016jof/cbN4VW5Yz0=
gopkg.in/yaml.v2 v2.4.0 h1:D8xgwECY7CYvx+Y2n4sBz93Jn9JRvxdiyyo8CTfuKaY=
gopkg.in/yaml.v2 v2.4.0/go.mod h1:RDklbk79AGWmwhnvt/jBztapEOGDOx6ZbXqjP6csGnQ=
gopkg.in/yaml.v3 v3.0.0-20200313102051-9f266ea9e77c h1:dUUwHk2QECo/6vqA44rthZ8ie2QXMNeKRTHCNY2nXvo=
gopkg.in/yaml.v3 v3.0.0-20200313102051-9f266ea9e77c/go.mod h1:K4uyk7z7BCEPqu6E+C64Yfv1cQ7kz7rIZviUmN+EgEM=
